
Microsoft Visual Studio Solution File, Format Version 12.00
# Visual Studio Version 17
VisualStudioVersion = 17.0.31903.59
MinimumVisualStudioVersion = 10.0.40219.1
Project("{FAE04EC0-301F-11D3-BF4B-00C04F79EFBC}") = "SmartBooking.Api", "SmartBooking.Api\SmartBooking.Api.csproj", "{97B71DCE-9682-4C89-BAC7-517F71C70EDF}"
EndProject
Project("{FAE04EC0-301F-11D3-BF4B-00C04F79EFBC}") = "SBS.Domain", "SBS.Domain\SBS.Domain.csproj", "{0DF509DF-60F9-44BA-899D-AED6FE9CAC63}"
EndProject
Project("{FAE04EC0-301F-11D3-BF4B-00C04F79EFBC}") = "SBS.Infrastructure", "SBS.Infrastructure\SBS.Infrastructure.csproj", "{1E522F07-52A5-4DD2-BBA5-73FE85940AA4}"
EndProject
Project("{FAE04EC0-301F-11D3-BF4B-00C04F79EFBC}") = "SBS.Application", "SBS.Application\SBS.Application.csproj", "{739DE701-B9E8-FD2F-E788-C199E56E9543}"
EndProject
Global
	GlobalSection(SolutionConfigurationPlatforms) = preSolution
		Debug|Any CPU = Debug|Any CPU
		Release|Any CPU = Release|Any CPU
	EndGlobalSection
	GlobalSection(ProjectConfigurationPlatforms) = postSolution
		{97B71DCE-9682-4C89-BAC7-517F71C70EDF}.Debug|Any CPU.ActiveCfg = Debug|Any CPU
		{97B71DCE-9682-4C89-BAC7-517F71C70EDF}.Debug|Any CPU.Build.0 = Debug|Any CPU
		{97B71DCE-9682-4C89-BAC7-517F71C70EDF}.Release|Any CPU.ActiveCfg = Release|Any CPU
		{97B71DCE-9682-4C89-BAC7-517F71C70EDF}.Release|Any CPU.Build.0 = Release|Any CPU
		{0DF509DF-60F9-44BA-899D-AED6FE9CAC63}.Debug|Any CPU.ActiveCfg = Debug|Any CPU
		{0DF509DF-60F9-44BA-899D-AED6FE9CAC63}.Debug|Any CPU.Build.0 = Debug|Any CPU
		{0DF509DF-60F9-44BA-899D-AED6FE9CAC63}.Release|Any CPU.ActiveCfg = Release|Any CPU
		{0DF509DF-60F9-44BA-899D-AED6FE9CAC63}.Release|Any CPU.Build.0 = Release|Any CPU
		{1E522F07-52A5-4DD2-BBA5-73FE85940AA4}.Debug|Any CPU.ActiveCfg = Debug|Any CPU
		{1E522F07-52A5-4DD2-BBA5-73FE85940AA4}.Debug|Any CPU.Build.0 = Debug|Any CPU
		{1E522F07-52A5-4DD2-BBA5-73FE85940AA4}.Release|Any CPU.ActiveCfg = Release|Any CPU
		{1E522F07-52A5-4DD2-BBA5-73FE85940AA4}.Release|Any CPU.Build.0 = Release|Any CPU
		{739DE701-B9E8-FD2F-E788-C199E56E9543}.Debug|Any CPU.ActiveCfg = Debug|Any CPU
		{739DE701-B9E8-FD2F-E788-C199E56E9543}.Debug|Any CPU.Build.0 = Debug|Any CPU
		{739DE701-B9E8-FD2F-E788-C199E56E9543}.Release|Any CPU.ActiveCfg = Release|Any CPU
		{739DE701-B9E8-FD2F-E788-C199E56E9543}.Release|Any CPU.Build.0 = Release|Any CPU
	EndGlobalSection
	GlobalSection(SolutionProperties) = preSolution
		HideSolutionNode = FALSE
	EndGlobalSection
	GlobalSection(ExtensibilityGlobals) = postSolution
		SolutionGuid = {650C86A1-90E1-4D54-9E86-AEA065064464}
	EndGlobalSection
EndGlobal
