
Microsoft Visual Studio Solution File, Format Version 12.00
# Visual Studio Version 17
VisualStudioVersion = 17.0.31903.59
MinimumVisualStudioVersion = 10.0.40219.1
Project("{FAE04EC0-301F-11D3-BF4B-00C04F79EFBC}") = "SmartBooking.Api", "SmartBooking.Api\SmartBooking.Api.csproj", "{97B71DCE-9682-4C89-BAC7-517F71C70EDF}"
EndProject
Global
	GlobalSection(SolutionConfigurationPlatforms) = preSolution
		Debug|Any CPU = Debug|Any CPU
		Release|Any CPU = Release|Any CPU
	EndGlobalSection
	GlobalSection(SolutionProperties) = preSolution
		HideSolutionNode = FALSE
	EndGlobalSection
	GlobalSection(ProjectConfigurationPlatforms) = postSolution
		{97B71DCE-9682-4C89-BAC7-517F71C70EDF}.Debug|Any CPU.ActiveCfg = Debug|Any CPU
		{97B71DCE-9682-4C89-BAC7-517F71C70EDF}.Debug|Any CPU.Build.0 = Debug|Any CPU
		{97B71DCE-9682-4C89-BAC7-517F71C70EDF}.Release|Any CPU.ActiveCfg = Release|Any CPU
		{97B71DCE-9682-4C89-BAC7-517F71C70EDF}.Release|Any CPU.Build.0 = Release|Any CPU
	EndGlobalSection
EndGlobal
